<?xml version="1.0" encoding="UTF-8" standalone="yes" ?>
<CodeBlocks_project_file>
	<FileVersion major="1" minor="6" />
	<Project>
		<Option title="hugo" />
		<Option pch_mode="2" />
		<Option compiler="gcc" />
		<Build>
			<Target title="Debug">
				<Option output="bin/Debug/hugo" prefix_auto="1" extension_auto="1" />
				<Option object_output="obj/Debug/" />
				<Option type="1" />
				<Option compiler="gcc" />
				<Compiler>
					<Add option="-g" />
				</Compiler>
				<Linker>
					<Add library="alleg44" />
				</Linker>
			</Target>
			<Target title="Release">
				<Option output="bin/Release/hugo" prefix_auto="1" extension_auto="1" />
				<Option object_output="obj/Release/" />
				<Option type="1" />
				<Option compiler="gcc" />
				<Compiler>
					<Add option="-O2" />
				</Compiler>
				<Linker>
					<Add option="-s" />
				</Linker>
			</Target>
		</Build>
		<Compiler>
			<Add option="-Wall" />
		</Compiler>
		<Unit filename="affListe.c">
			<Option compilerVar="CC" />
		</Unit>
		<Unit filename="alloueCases.c">
			<Option compilerVar="CC" />
		</Unit>
		<Unit filename="animationPersonnageCourt.c">
			<Option compilerVar="CC" />
		</Unit>
		<Unit filename="cClasses.c">
			<Option compilerVar="CC" />
		</Unit>
		<Unit filename="cClasses1.c">
			<Option compilerVar="CC" />
		</Unit>
		<Unit filename="cClasses2.c">
			<Option compilerVar="CC" />
		</Unit>
		<Unit filename="cClasses3.c">
			<Option compilerVar="CC" />
		</Unit>
		<Unit filename="cJoueur.c">
			<Option compilerVar="CC" />
		</Unit>
		<Unit filename="chemin.c">
			<Option compilerVar="CC" />
		</Unit>
		<Unit filename="choix du nombre de joueurs.c">
			<Option compilerVar="CC" />
		</Unit>
		<Unit filename="choixClasse.c">
			<Option compilerVar="CC" />
		</Unit>
		<Unit filename="choixSort.c">
			<Option compilerVar="CC" />
		</Unit>
		<Unit filename="deplacement.c">
			<Option compilerVar="CC" />
		</Unit>
		<Unit filename="enJeu.c">
			<Option compilerVar="CC" />
		</Unit>
		<Unit filename="hub de redirection.c">
			<Option compilerVar="CC" />
		</Unit>
		<Unit filename="initJoueur.c">
			<Option compilerVar="CC" />
		</Unit>
		<Unit filename="initialisation.c">
			<Option compilerVar="CC" />
		</Unit>
		<Unit filename="lFichier.c">
			<Option compilerVar="CC" />
		</Unit>
		<Unit filename="lFichier1.c">
			<Option compilerVar="CC" />
		</Unit>
		<Unit filename="lFichier2.c">
			<Option compilerVar="CC" />
		</Unit>
		<Unit filename="lFichier3.c">
			<Option compilerVar="CC" />
		</Unit>
		<Unit filename="lancement menu.c">
			<Option compilerVar="CC" />
		</Unit>
		<Unit filename="lancementCredits.c">
			<Option compilerVar="CC" />
		</Unit>
		<Unit filename="lancerSort.c">
			<Option compilerVar="CC" />
		</Unit>
		<Unit filename="maBiblio.h" />
		<Unit filename="main.c">
			<Option compilerVar="CC" />
		</Unit>
		<Unit filename="rDonnees.c">
			<Option compilerVar="CC" />
			</Unit>
		<Unit filename="recupClicSort.c">
			<Option compilerVar="CC" />
		</Unit>
		<Unit filename="remplissageBuffer.c">
			<Option compilerVar="CC" />
		</Unit>
		<Unit filename="testDist.c">
			<Option compilerVar="CC" />
		</Unit>
		<Unit filename="structures.h" />
		<Unit filename="testRecupJoueur.c">
			<Option compilerVar="CC" />
		</Unit>
		<Extensions />
	</Project>
</CodeBlocks_project_file>
